
Microsoft Visual Studio Solution File, Format Version 12.00
# Visual Studio 15
VisualStudioVersion = 15.0.27428.2002
MinimumVisualStudioVersion = 10.0.40219.1
Project("{8BC9CEB8-8B4A-11D0-8D11-00A0C91BC942}") = "ReadXML", "ReadXML\ReadXML.vcxproj", "{55A0EAE2-DC06-480C-9AAF-42ED4ABFE586}"
EndProject
Project("{8BC9CEB8-8B4A-11D0-8D11-00A0C91BC942}") = "CreateXML", "CreateXML\CreateXML.vcxproj", "{E618BDEA-AED5-4252-9C24-E1961D601543}"
EndProject
Project("{8BC9CEB8-8B4A-11D0-8D11-00A0C91BC942}") = "CreateJSON", "CreateJSON\CreateJSON.vcxproj", "{2836AACF-E90C-4A09-9567-FD9F98682E40}"
EndProject
Project("{8BC9CEB8-8B4A-11D0-8D11-00A0C91BC942}") = "ReadJSON", "ReadJSON\ReadJSON.vcxproj", "{7FDFCBE6-629E-424F-8E55-CE72F14C9D39}"
EndProject
Global
	GlobalSection(SolutionConfigurationPlatforms) = preSolution
		Debug|x64 = Debug|x64
		Debug|x86 = Debug|x86
		Release|x64 = Release|x64
		Release|x86 = Release|x86
	EndGlobalSection
	GlobalSection(ProjectConfigurationPlatforms) = postSolution
		{55A0EAE2-DC06-480C-9AAF-42ED4ABFE586}.Debug|x64.ActiveCfg = Debug|x64
		{55A0EAE2-DC06-480C-9AAF-42ED4ABFE586}.Debug|x64.Build.0 = Debug|x64
		{55A0EAE2-DC06-480C-9AAF-42ED4ABFE586}.Debug|x86.ActiveCfg = Debug|Win32
		{55A0EAE2-DC06-480C-9AAF-42ED4ABFE586}.Debug|x86.Build.0 = Debug|Win32
		{55A0EAE2-DC06-480C-9AAF-42ED4ABFE586}.Release|x64.ActiveCfg = Release|x64
		{55A0EAE2-DC06-480C-9AAF-42ED4ABFE586}.Release|x64.Build.0 = Release|x64
		{55A0EAE2-DC06-480C-9AAF-42ED4ABFE586}.Release|x86.ActiveCfg = Release|Win32
		{55A0EAE2-DC06-480C-9AAF-42ED4ABFE586}.Release|x86.Build.0 = Release|Win32
		{E618BDEA-AED5-4252-9C24-E1961D601543}.Debug|x64.ActiveCfg = Debug|x64
		{E618BDEA-AED5-4252-9C24-E1961D601543}.Debug|x64.Build.0 = Debug|x64
		{E618BDEA-AED5-4252-9C24-E1961D601543}.Debug|x86.ActiveCfg = Debug|Win32
		{E618BDEA-AED5-4252-9C24-E1961D601543}.Debug|x86.Build.0 = Debug|Win32
		{E618BDEA-AED5-4252-9C24-E1961D601543}.Release|x64.ActiveCfg = Release|x64
		{E618BDEA-AED5-4252-9C24-E1961D601543}.Release|x64.Build.0 = Release|x64
		{E618BDEA-AED5-4252-9C24-E1961D601543}.Release|x86.ActiveCfg = Release|Win32
		{E618BDEA-AED5-4252-9C24-E1961D601543}.Release|x86.Build.0 = Release|Win32
		{2836AACF-E90C-4A09-9567-FD9F98682E40}.Debug|x64.ActiveCfg = Debug|x64
		{2836AACF-E90C-4A09-9567-FD9F98682E40}.Debug|x64.Build.0 = Debug|x64
		{2836AACF-E90C-4A09-9567-FD9F98682E40}.Debug|x86.ActiveCfg = Debug|Win32
		{2836AACF-E90C-4A09-9567-FD9F98682E40}.Debug|x86.Build.0 = Debug|Win32
		{2836AACF-E90C-4A09-9567-FD9F98682E40}.Release|x64.ActiveCfg = Release|x64
		{2836AACF-E90C-4A09-9567-FD9F98682E40}.Release|x64.Build.0 = Release|x64
		{2836AACF-E90C-4A09-9567-FD9F98682E40}.Release|x86.ActiveCfg = Release|Win32
		{2836AACF-E90C-4A09-9567-FD9F98682E40}.Release|x86.Build.0 = Release|Win32
		{7FDFCBE6-629E-424F-8E55-CE72F14C9D39}.Debug|x64.ActiveCfg = Debug|x64
		{7FDFCBE6-629E-424F-8E55-CE72F14C9D39}.Debug|x64.Build.0 = Debug|x64
		{7FDFCBE6-629E-424F-8E55-CE72F14C9D39}.Debug|x86.ActiveCfg = Debug|Win32
		{7FDFCBE6-629E-424F-8E55-CE72F14C9D39}.Debug|x86.Build.0 = Debug|Win32
		{7FDFCBE6-629E-424F-8E55-CE72F14C9D39}.Release|x64.ActiveCfg = Release|x64
		{7FDFCBE6-629E-424F-8E55-CE72F14C9D39}.Release|x64.Build.0 = Release|x64
		{7FDFCBE6-629E-424F-8E55-CE72F14C9D39}.Release|x86.ActiveCfg = Release|Win32
		{7FDFCBE6-629E-424F-8E55-CE72F14C9D39}.Release|x86.Build.0 = Release|Win32
	EndGlobalSection
	GlobalSection(SolutionProperties) = preSolution
		HideSolutionNode = FALSE
	EndGlobalSection
	GlobalSection(ExtensibilityGlobals) = postSolution
		SolutionGuid = {806AAEF8-7731-4CD5-9598-E02CC1839ADA}
	EndGlobalSection
EndGlobal
